
Microsoft Visual Studio Solution File, Format Version 12.00
# Visual Studio Version 17
VisualStudioVersion = 17.4.33213.308
MinimumVisualStudioVersion = 10.0.40219.1
Project("{9A19103F-16F7-4668-BE54-9A1E7A4F7556}") = "WorkspaceMetadataService", "WorkspaceMetadataService\WorkspaceMetadataService.csproj", "{4A8A04CD-B0F1-4379-ABCC-3B0433DDAD4B}"
EndProject
Project("{9A19103F-16F7-4668-BE54-9A1E7A4F7556}") = "CommonCode", "CommonCode\CommonCode.csproj", "{6BEAA899-59AF-4E13-95B4-172FE559B23F}"
EndProject
Project("{9A19103F-16F7-4668-BE54-9A1E7A4F7556}") = "ConnectorsApi", "ConnectorsApi\ConnectorsApi.csproj", "{6977B669-77AF-4A41-AD8F-6DD72FA7DEA0}"
EndProject
Global
	GlobalSection(SolutionConfigurationPlatforms) = preSolution
		Debug|Any CPU = Debug|Any CPU
		Release|Any CPU = Release|Any CPU
	EndGlobalSection
	GlobalSection(ProjectConfigurationPlatforms) = postSolution
		{4A8A04CD-B0F1-4379-ABCC-3B0433DDAD4B}.Debug|Any CPU.ActiveCfg = Debug|Any CPU
		{4A8A04CD-B0F1-4379-ABCC-3B0433DDAD4B}.Debug|Any CPU.Build.0 = Debug|Any CPU
		{4A8A04CD-B0F1-4379-ABCC-3B0433DDAD4B}.Release|Any CPU.ActiveCfg = Release|Any CPU
		{4A8A04CD-B0F1-4379-ABCC-3B0433DDAD4B}.Release|Any CPU.Build.0 = Release|Any CPU
		{6BEAA899-59AF-4E13-95B4-172FE559B23F}.Debug|Any CPU.ActiveCfg = Debug|Any CPU
		{6BEAA899-59AF-4E13-95B4-172FE559B23F}.Debug|Any CPU.Build.0 = Debug|Any CPU
		{6BEAA899-59AF-4E13-95B4-172FE559B23F}.Release|Any CPU.ActiveCfg = Release|Any CPU
		{6BEAA899-59AF-4E13-95B4-172FE559B23F}.Release|Any CPU.Build.0 = Release|Any CPU
		{6977B669-77AF-4A41-AD8F-6DD72FA7DEA0}.Debug|Any CPU.ActiveCfg = Debug|Any CPU
		{6977B669-77AF-4A41-AD8F-6DD72FA7DEA0}.Debug|Any CPU.Build.0 = Debug|Any CPU
		{6977B669-77AF-4A41-AD8F-6DD72FA7DEA0}.Release|Any CPU.ActiveCfg = Release|Any CPU
		{6977B669-77AF-4A41-AD8F-6DD72FA7DEA0}.Release|Any CPU.Build.0 = Release|Any CPU
	EndGlobalSection
	GlobalSection(SolutionProperties) = preSolution
		HideSolutionNode = FALSE
	EndGlobalSection
	GlobalSection(ExtensibilityGlobals) = postSolution
		SolutionGuid = {DDE521DF-69E9-4678-B4A9-FA90267A2F7E}
	EndGlobalSection
EndGlobal
